
Microsoft Visual Studio Solution File, Format Version 12.00
# Visual Studio Version 17
VisualStudioVersion = 17.6.33927.249
MinimumVisualStudioVersion = 10.0.40219.1
Project("{FAE04EC0-301F-11D3-BF4B-00C04F79EFBC}") = "DoAn", "DoAn\DoAn.csproj", "{DACB404B-1B82-4380-9FDB-6A0909287720}"
EndProject
Global
	GlobalSection(SolutionConfigurationPlatforms) = preSolution
		Debug|Any CPU = Debug|Any CPU
		Release|Any CPU = Release|Any CPU
	EndGlobalSection
	GlobalSection(ProjectConfigurationPlatforms) = postSolution
		{DACB404B-1B82-4380-9FDB-6A0909287720}.Debug|Any CPU.ActiveCfg = Debug|Any CPU
		{DACB404B-1B82-4380-9FDB-6A0909287720}.Debug|Any CPU.Build.0 = Debug|Any CPU
		{DACB404B-1B82-4380-9FDB-6A0909287720}.Release|Any CPU.ActiveCfg = Release|Any CPU
		{DACB404B-1B82-4380-9FDB-6A0909287720}.Release|Any CPU.Build.0 = Release|Any CPU
	EndGlobalSection
	GlobalSection(SolutionProperties) = preSolution
		HideSolutionNode = FALSE
	EndGlobalSection
	GlobalSection(ExtensibilityGlobals) = postSolution
		SolutionGuid = {7397340E-DE60-4F1E-98B3-F79B8CA5D1BD}
	EndGlobalSection
EndGlobal
